
Microsoft Visual Studio Solution File, Format Version 12.00
# Visual Studio Version 17
VisualStudioVersion = 17.8.34322.80
MinimumVisualStudioVersion = 10.0.40219.1
Project("{9A19103F-16F7-4668-BE54-9A1E7A4F7556}") = "AcumaticaFileAttachmentImporter", "AcumaticaFileAttachmentImporter\AcumaticaFileAttachmentImporter.csproj", "{6140A2C7-92FD-482A-B7F7-63CF670C1606}"
EndProject
Project("{9A19103F-16F7-4668-BE54-9A1E7A4F7556}") = "Acumatica.RESTClient", "AcumaticaRESTAPIClientForCSharp\Acumatica.RESTClient\Acumatica.RESTClient.csproj", "{25008D3F-3D78-4BB9-B14B-0A792AE97892}"
EndProject
Project("{9A19103F-16F7-4668-BE54-9A1E7A4F7556}") = "Acumatica.Default_22.200.001", "AcumaticaRESTAPIClientForCSharp\Acumatica.Default_22.200.001\Acumatica.Default_22.200.001.csproj", "{531C56DE-6F9C-44B7-8AB4-67CB72273C04}"
EndProject
Project("{9A19103F-16F7-4668-BE54-9A1E7A4F7556}") = "Acumatica.Manufacturing_23.100.001", "AcumaticaRESTAPIClientForCSharp\Acumatica.Manufacturing_23.100.001\Acumatica.Manufacturing_23.100.001.csproj", "{5FF36BFB-8853-496A-9960-277684B13BE8}"
EndProject
Global
	GlobalSection(SolutionConfigurationPlatforms) = preSolution
		Debug|Any CPU = Debug|Any CPU
		Release|Any CPU = Release|Any CPU
	EndGlobalSection
	GlobalSection(ProjectConfigurationPlatforms) = postSolution
		{6140A2C7-92FD-482A-B7F7-63CF670C1606}.Debug|Any CPU.ActiveCfg = Debug|Any CPU
		{6140A2C7-92FD-482A-B7F7-63CF670C1606}.Debug|Any CPU.Build.0 = Debug|Any CPU
		{6140A2C7-92FD-482A-B7F7-63CF670C1606}.Release|Any CPU.ActiveCfg = Release|Any CPU
		{6140A2C7-92FD-482A-B7F7-63CF670C1606}.Release|Any CPU.Build.0 = Release|Any CPU
		{25008D3F-3D78-4BB9-B14B-0A792AE97892}.Debug|Any CPU.ActiveCfg = Debug|Any CPU
		{25008D3F-3D78-4BB9-B14B-0A792AE97892}.Debug|Any CPU.Build.0 = Debug|Any CPU
		{25008D3F-3D78-4BB9-B14B-0A792AE97892}.Release|Any CPU.ActiveCfg = Release|Any CPU
		{25008D3F-3D78-4BB9-B14B-0A792AE97892}.Release|Any CPU.Build.0 = Release|Any CPU
		{531C56DE-6F9C-44B7-8AB4-67CB72273C04}.Debug|Any CPU.ActiveCfg = Debug|Any CPU
		{531C56DE-6F9C-44B7-8AB4-67CB72273C04}.Debug|Any CPU.Build.0 = Debug|Any CPU
		{531C56DE-6F9C-44B7-8AB4-67CB72273C04}.Release|Any CPU.ActiveCfg = Release|Any CPU
		{531C56DE-6F9C-44B7-8AB4-67CB72273C04}.Release|Any CPU.Build.0 = Release|Any CPU
		{5FF36BFB-8853-496A-9960-277684B13BE8}.Debug|Any CPU.ActiveCfg = Debug|Any CPU
		{5FF36BFB-8853-496A-9960-277684B13BE8}.Debug|Any CPU.Build.0 = Debug|Any CPU
		{5FF36BFB-8853-496A-9960-277684B13BE8}.Release|Any CPU.ActiveCfg = Release|Any CPU
		{5FF36BFB-8853-496A-9960-277684B13BE8}.Release|Any CPU.Build.0 = Release|Any CPU
	EndGlobalSection
	GlobalSection(SolutionProperties) = preSolution
		HideSolutionNode = FALSE
	EndGlobalSection
	GlobalSection(ExtensibilityGlobals) = postSolution
		SolutionGuid = {A906AA1E-0297-4AA8-AF76-598C68964298}
	EndGlobalSection
EndGlobal
